// !$*UTF8*$!
{
	archiveVersion = 1;
	classes = {
	};
	objectVersion = 55;
	objects = {

/* Begin PBXBuildFile section */
		45C7789E28AFE78400FDA501 /* AppDelegate.swift in Sources */ = {isa = PBXBuildFile; fileRef = 45C7789D28AFE78400FDA501 /* AppDelegate.swift */; };
		45C778A028AFE78400FDA501 /* SceneDelegate.swift in Sources */ = {isa = PBXBuildFile; fileRef = 45C7789F28AFE78400FDA501 /* SceneDelegate.swift */; };
		45C778A228AFE78400FDA501 /* ViewController.swift in Sources */ = {isa = PBXBuildFile; fileRef = 45C778A128AFE78400FDA501 /* ViewController.swift */; };
		45C778A528AFE78400FDA501 /* Main.storyboard in Resources */ = {isa = PBXBuildFile; fileRef = 45C778A328AFE78400FDA501 /* Main.storyboard */; };
		45C778A728AFE78900FDA501 /* Assets.xcassets in Resources */ = {isa = PBXBuildFile; fileRef = 45C778A628AFE78900FDA501 /* Assets.xcassets */; };
		45C778AA28AFE78900FDA501 /* LaunchScreen.storyboard in Resources */ = {isa = PBXBuildFile; fileRef = 45C778A828AFE78900FDA501 /* LaunchScreen.storyboard */; };
		D02ECCE501521016E7BD725F /* Pods_Lesson_1_Valeriy.framework in Frameworks */ = {isa = PBXBuildFile; fileRef = 24F45D62DCD8333483994455 /* Pods_Lesson_1_Valeriy.framework */; };
/* End PBXBuildFile section */

/* Begin PBXFileReference section */
		24F45D62DCD8333483994455 /* Pods_Lesson_1_Valeriy.framework */ = {isa = PBXFileReference; explicitFileType = wrapper.framework; includeInIndex = 0; path = Pods_Lesson_1_Valeriy.framework; sourceTree = BUILT_PRODUCTS_DIR; };
		45C7789A28AFE78400FDA501 /* Lesson 1 Valeriy.app */ = {isa = PBXFileReference; explicitFileType = wrapper.application; includeInIndex = 0; path = "Lesson 1 Valeriy.app"; sourceTree = BUILT_PRODUCTS_DIR; };
		45C7789D28AFE78400FDA501 /* AppDelegate.swift */ = {isa = PBXFileReference; lastKnownFileType = sourcecode.swift; path = AppDelegate.swift; sourceTree = "<group>"; };
		45C7789F28AFE78400FDA501 /* SceneDelegate.swift */ = {isa = PBXFileReference; lastKnownFileType = sourcecode.swift; path = SceneDelegate.swift; sourceTree = "<group>"; };
		45C778A128AFE78400FDA501 /* ViewController.swift */ = {isa = PBXFileReference; lastKnownFileType = sourcecode.swift; path = ViewController.swift; sourceTree = "<group>"; };
		45C778A428AFE78400FDA501 /* Base */ = {isa = PBXFileReference; lastKnownFileType = file.storyboard; name = Base; path = Base.lproj/Main.storyboard; sourceTree = "<group>"; };
		45C778A628AFE78900FDA501 /* Assets.xcassets */ = {isa = PBXFileReference; lastKnownFileType = folder.assetcatalog; path = Assets.xcassets; sourceTree = "<group>"; };
		45C778A928AFE78900FDA501 /* Base */ = {isa = PBXFileReference; lastKnownFileType = file.storyboard; name = Base; path = Base.lproj/LaunchScreen.storyboard; sourceTree = "<group>"; };
		45C778AB28AFE78900FDA501 /* Info.plist */ = {isa = PBXFileReference; lastKnownFileType = text.plist.xml; path = Info.plist; sourceTree = "<group>"; };
		7C98BEDEB21B1AE91ACFBCB0 /* Pods-Lesson 1 Valeriy.debug.xcconfig */ = {isa = PBXFileReference; includeInIndex = 1; lastKnownFileType = text.xcconfig; name = "Pods-Lesson 1 Valeriy.debug.xcconfig"; path = "Target Support Files/Pods-Lesson 1 Valeriy/Pods-Lesson 1 Valeriy.debug.xcconfig"; sourceTree = "<group>"; };
		91DF756E6BA6994AF0978D60 /* Pods-Lesson 1 Valeriy.release.xcconfig */ = {isa = PBXFileReference; includeInIndex = 1; lastKnownFileType = text.xcconfig; name = "Pods-Lesson 1 Valeriy.release.xcconfig"; path = "Target Support Files/Pods-Lesson 1 Valeriy/Pods-Lesson 1 Valeriy.release.xcconfig"; sourceTree = "<group>"; };
/* End PBXFileReference section */

/* Begin PBXFrameworksBuildPhase section */
		45C7789728AFE78400FDA501 /* Frameworks */ = {
			isa = PBXFrameworksBuildPhase;
			buildActionMask = 2147483647;
			files = (
				D02ECCE501521016E7BD725F /* Pods_Lesson_1_Valeriy.framework in Frameworks */,
			);
			runOnlyForDeploymentPostprocessing = 0;
		};
/* End PBXFrameworksBuildPhase section */

/* Begin PBXGroup section */
		3BB730FBE0A96424F9EF777F /* Frameworks */ = {
			isa = PBXGroup;
			children = (
				24F45D62DCD8333483994455 /* Pods_Lesson_1_Valeriy.framework */,
			);
			name = Frameworks;
			sourceTree = "<group>";
		};
		45C7789128AFE78400FDA501 = {
			isa = PBXGroup;
			children = (
				45C7789C28AFE78400FDA501 /* Lesson 1 Valeriy */,
				45C7789B28AFE78400FDA501 /* Products */,
				C948CF100C394E99C3D558D6 /* Pods */,
				3BB730FBE0A96424F9EF777F /* Frameworks */,
			);
			sourceTree = "<group>";
		};
		45C7789B28AFE78400FDA501 /* Products */ = {
			isa = PBXGroup;
			children = (
				45C7789A28AFE78400FDA501 /* Lesson 1 Valeriy.app */,
			);
			name = Products;
			sourceTree = "<group>";
		};
		45C7789C28AFE78400FDA501 /* Lesson 1 Valeriy */ = {
			isa = PBXGroup;
			children = (
				45C7789D28AFE78400FDA501 /* AppDelegate.swift */,
				45C7789F28AFE78400FDA501 /* SceneDelegate.swift */,
				45C778A128AFE78400FDA501 /* ViewController.swift */,
				45C778A328AFE78400FDA501 /* Main.storyboard */,
				45C778A628AFE78900FDA501 /* Assets.xcassets */,
				45C778A828AFE78900FDA501 /* LaunchScreen.storyboard */,
				45C778AB28AFE78900FDA501 /* Info.plist */,
			);
			path = "Lesson 1 Valeriy";
			sourceTree = "<group>";
		};
		C948CF100C394E99C3D558D6 /* Pods */ = {
			isa = PBXGroup;
			children = (
				7C98BEDEB21B1AE91ACFBCB0 /* Pods-Lesson 1 Valeriy.debug.xcconfig */,
				91DF756E6BA6994AF0978D60 /* Pods-Lesson 1 Valeriy.release.xcconfig */,
			);
			name = Pods;
			path = Pods;
			sourceTree = "<group>";
		};
/* End PBXGroup section */

/* Begin PBXNativeTarget section */
		45C7789928AFE78400FDA501 /* Lesson 1 Valeriy */ = {
			isa = PBXNativeTarget;
			buildConfigurationList = 45C778AE28AFE78900FDA501 /* Build configuration list for PBXNativeTarget "Lesson 1 Valeriy" */;
			buildPhases = (
				660E0356FBE5ABF0B5B7766D /* [CP] Check Pods Manifest.lock */,
				45C7789628AFE78400FDA501 /* Sources */,
				45C7789728AFE78400FDA501 /* Frameworks */,
				45C7789828AFE78400FDA501 /* Resources */,
				1A47BBA7C4FD11C560F044B4 /* [CP] Embed Pods Frameworks */,
			);
			buildRules = (
			);
			dependencies = (
			);
			name = "Lesson 1 Valeriy";
			productName = "Lesson 1 Valeriy";
			productReference = 45C7789A28AFE78400FDA501 /* Lesson 1 Valeriy.app */;
			productType = "com.apple.product-type.application";
		};
/* End PBXNativeTarget section */

/* Begin PBXProject section */
		45C7789228AFE78400FDA501 /* Project object */ = {
			isa = PBXProject;
			attributes = {
				BuildIndependentTargetsInParallel = 1;
				LastSwiftUpdateCheck = 1340;
				LastUpgradeCheck = 1340;
				TargetAttributes = {
					45C7789928AFE78400FDA501 = {
						CreatedOnToolsVersion = 13.4.1;
					};
				};
			};
			buildConfigurationList = 45C7789528AFE78400FDA501 /* Build configuration list for PBXProject "Lesson 1 Valeriy" */;
			compatibilityVersion = "Xcode 13.0";
			developmentRegion = en;
			hasScannedForEncodings = 0;
			knownRegions = (
				en,
				Base,
			);
			mainGroup = 45C7789128AFE78400FDA501;
			productRefGroup = 45C7789B28AFE78400FDA501 /* Products */;
			projectDirPath = "";
			projectRoot = "";
			targets = (
				45C7789928AFE78400FDA501 /* Lesson 1 Valeriy */,
			);
		};
/* End PBXProject section */

/* Begin PBXResourcesBuildPhase section */
		45C7789828AFE78400FDA501 /* Resources */ = {
			isa = PBXResourcesBuildPhase;
			buildActionMask = 2147483647;
			files = (
				45C778AA28AFE78900FDA501 /* LaunchScreen.storyboard in Resources */,
				45C778A728AFE78900FDA501 /* Assets.xcassets in Resources */,
				45C778A528AFE78400FDA501 /* Main.storyboard in Resources */,
			);
			runOnlyForDeploymentPostprocessing = 0;
		};
/* End PBXResourcesBuildPhase section */

/* Begin PBXShellScriptBuildPhase section */
		1A47BBA7C4FD11C560F044B4 /* [CP] Embed Pods Frameworks */ = {
			isa = PBXShellScriptBuildPhase;
			buildActionMask = 2147483647;
			files = (
			);
			inputFileListPaths = (
				"${PODS_ROOT}/Target Support Files/Pods-Lesson 1 Valeriy/Pods-Lesson 1 Valeriy-frameworks-${CONFIGURATION}-input-files.xcfilelist",
			);
			name = "[CP] Embed Pods Frameworks";
			outputFileListPaths = (
				"${PODS_ROOT}/Target Support Files/Pods-Lesson 1 Valeriy/Pods-Lesson 1 Valeriy-frameworks-${CONFIGURATION}-output-files.xcfilelist",
			);
			runOnlyForDeploymentPostprocessing = 0;
			shellPath = /bin/sh;
			shellScript = "\"${PODS_ROOT}/Target Support Files/Pods-Lesson 1 Valeriy/Pods-Lesson 1 Valeriy-frameworks.sh\"\n";
			showEnvVarsInLog = 0;
		};
		660E0356FBE5ABF0B5B7766D /* [CP] Check Pods Manifest.lock */ = {
			isa = PBXShellScriptBuildPhase;
			buildActionMask = 2147483647;
			files = (
			);
			inputFileListPaths = (
			);
			inputPaths = (
				"${PODS_PODFILE_DIR_PATH}/Podfile.lock",
				"${PODS_ROOT}/Manifest.lock",
			);
			name = "[CP] Check Pods Manifest.lock";
			outputFileListPaths = (
			);
			outputPaths = (
				"$(DERIVED_FILE_DIR)/Pods-Lesson 1 Valeriy-checkManifestLockResult.txt",
			);
			runOnlyForDeploymentPostprocessing = 0;
			shellPath = /bin/sh;
			shellScript = "diff \"${PODS_PODFILE_DIR_PATH}/Podfile.lock\" \"${PODS_ROOT}/Manifest.lock\" > /dev/null\nif [ $? != 0 ] ; then\n    # print error to STDERR\n    echo \"error: The sandbox is not in sync with the Podfile.lock. Run 'pod install' or update your CocoaPods installation.\" >&2\n    exit 1\nfi\n# This output is used by Xcode 'outputs' to avoid re-running this script phase.\necho \"SUCCESS\" > \"${SCRIPT_OUTPUT_FILE_0}\"\n";
			showEnvVarsInLog = 0;
		};
/* End PBXShellScriptBuildPhase section */

/* Begin PBXSourcesBuildPhase section */
		45C7789628AFE78400FDA501 /* Sources */ = {
			isa = PBXSourcesBuildPhase;
			buildActionMask = 2147483647;
			files = (
				45C778A228AFE78400FDA501 /* ViewController.swift in Sources */,
				45C7789E28AFE78400FDA501 /* AppDelegate.swift in Sources */,
				45C778A028AFE78400FDA501 /* SceneDelegate.swift in Sources */,
			);
			runOnlyForDeploymentPostprocessing = 0;
		};
/* End PBXSourcesBuildPhase section */

/* Begin PBXVariantGroup section */
		45C778A328AFE78400FDA501 /* Main.storyboard */ = {
			isa = PBXVariantGroup;
			children = (
				45C778A428AFE78400FDA501 /* Base */,
			);
			name = Main.storyboard;
			sourceTree = "<group>";
		};
		45C778A828AFE78900FDA501 /* LaunchScreen.storyboard */ = {
			isa = PBXVariantGroup;
			children = (
				45C778A928AFE78900FDA501 /* Base */,
			);
			name = LaunchScreen.storyboard;
			sourceTree = "<group>";
		};
/* End PBXVariantGroup section */

/* Begin XCBuildConfiguration section */
		45C778AC28AFE78900FDA501 /* Debug */ = {
			isa = XCBuildConfiguration;
			buildSettings = {
				ALWAYS_SEARCH_USER_PATHS = NO;
				CLANG_ANALYZER_NONNULL = YES;
				CLANG_ANALYZER_NUMBER_OBJECT_CONVERSION = YES_AGGRESSIVE;
				CLANG_CXX_LANGUAGE_STANDARD = "gnu++17";
				CLANG_ENABLE_MODULES = YES;
				CLANG_ENABLE_OBJC_ARC = YES;
				CLANG_ENABLE_OBJC_WEAK = YES;
				CLANG_WARN_BLOCK_CAPTURE_AUTORELEASING = YES;
				CLANG_WARN_BOOL_CONVERSION = YES;
				CLANG_WARN_COMMA = YES;
				CLANG_WARN_CONSTANT_CONVERSION = YES;
				CLANG_WARN_DEPRECATED_OBJC_IMPLEMENTATIONS = YES;
				CLANG_WARN_DIRECT_OBJC_ISA_USAGE = YES_ERROR;
				CLANG_WARN_DOCUMENTATION_COMMENTS = YES;
				CLANG_WARN_EMPTY_BODY = YES;
				CLANG_WARN_ENUM_CONVERSION = YES;
				CLANG_WARN_INFINITE_RECURSION = YES;
				CLANG_WARN_INT_CONVERSION = YES;
				CLANG_WARN_NON_LITERAL_NULL_CONVERSION = YES;
				CLANG_WARN_OBJC_IMPLICIT_RETAIN_SELF = YES;
				CLANG_WARN_OBJC_LITERAL_CONVERSION = YES;
				CLANG_WARN_OBJC_ROOT_CLASS = YES_ERROR;
				CLANG_WARN_QUOTED_INCLUDE_IN_FRAMEWORK_HEADER = YES;
				CLANG_WARN_RANGE_LOOP_ANALYSIS = YES;
				CLANG_WARN_STRICT_PROTOTYPES = YES;
				CLANG_WARN_SUSPICIOUS_MOVE = YES;
				CLANG_WARN_UNGUARDED_AVAILABILITY = YES_AGGRESSIVE;
				CLANG_WARN_UNREACHABLE_CODE = YES;
				CLANG_WARN__DUPLICATE_METHOD_MATCH = YES;
				COPY_PHASE_STRIP = NO;
				DEBUG_INFORMATION_FORMAT = dwarf;
				ENABLE_STRICT_OBJC_MSGSEND = YES;
				ENABLE_TESTABILITY = YES;
				GCC_C_LANGUAGE_STANDARD = gnu11;
				GCC_DYNAMIC_NO_PIC = NO;
				GCC_NO_COMMON_BLOCKS = YES;
				GCC_OPTIMIZATION_LEVEL = 0;
				GCC_PREPROCESSOR_DEFINITIONS = (
					"DEBUG=1",
					"$(inherited)",
				);
				GCC_WARN_64_TO_32_BIT_CONVERSION = YES;
				GCC_WARN_ABOUT_RETURN_TYPE = YES_ERROR;
				GCC_WARN_UNDECLARED_SELECTOR = YES;
				GCC_WARN_UNINITIALIZED_AUTOS = YES_AGGRESSIVE;
				GCC_WARN_UNUSED_FUNCTION = YES;
				GCC_WARN_UNUSED_VARIABLE = YES;
				IPHONEOS_DEPLOYMENT_TARGET = 15.5;
				MTL_ENABLE_DEBUG_INFO = INCLUDE_SOURCE;
				MTL_FAST_MATH = YES;
				ONLY_ACTIVE_ARCH = YES;
				SDKROOT = iphoneos;
				SWIFT_ACTIVE_COMPILATION_CONDITIONS = DEBUG;
				SWIFT_OPTIMIZATION_LEVEL = "-Onone";
			};
			name = Debug;
		};
		45C778AD28AFE78900FDA501 /* Release */ = {
			isa = XCBuildConfiguration;
			buildSettings = {
				ALWAYS_SEARCH_USER_PATHS = NO;
				CLANG_ANALYZER_NONNULL = YES;
				CLANG_ANALYZER_NUMBER_OBJECT_CONVERSION = YES_AGGRESSIVE;
				CLANG_CXX_LANGUAGE_STANDARD = "gnu++17";
				CLANG_ENABLE_MODULES = YES;
				CLANG_ENABLE_OBJC_ARC = YES;
				CLANG_ENABLE_OBJC_WEAK = YES;
				CLANG_WARN_BLOCK_CAPTURE_AUTORELEASING = YES;
				CLANG_WARN_BOOL_CONVERSION = YES;
				CLANG_WARN_COMMA = YES;
				CLANG_WARN_CONSTANT_CONVERSION = YES;
				CLANG_WARN_DEPRECATED_OBJC_IMPLEMENTATIONS = YES;
				CLANG_WARN_DIRECT_OBJC_ISA_USAGE = YES_ERROR;
				CLANG_WARN_DOCUMENTATION_COMMENTS = YES;
				CLANG_WARN_EMPTY_BODY = YES;
				CLANG_WARN_ENUM_CONVERSION = YES;
				CLANG_WARN_INFINITE_RECURSION = YES;
				CLANG_WARN_INT_CONVERSION = YES;
				CLANG_WARN_NON_LITERAL_NULL_CONVERSION = YES;
				CLANG_WARN_OBJC_IMPLICIT_RETAIN_SELF = YES;
				CLANG_WARN_OBJC_LITERAL_CONVERSION = YES;
				CLANG_WARN_OBJC_ROOT_CLASS = YES_ERROR;
				CLANG_WARN_QUOTED_INCLUDE_IN_FRAMEWORK_HEADER = YES;
				CLANG_WARN_RANGE_LOOP_ANALYSIS = YES;
				CLANG_WARN_STRICT_PROTOTYPES = YES;
				CLANG_WARN_SUSPICIOUS_MOVE = YES;
				CLANG_WARN_UNGUARDED_AVAILABILITY = YES_AGGRESSIVE;
				CLANG_WARN_UNREACHABLE_CODE = YES;
				CLANG_WARN__DUPLICATE_METHOD_MATCH = YES;
				COPY_PHASE_STRIP = NO;
				DEBUG_INFORMATION_FORMAT = "dwarf-with-dsym";
				ENABLE_NS_ASSERTIONS = NO;
				ENABLE_STRICT_OBJC_MSGSEND = YES;
				GCC_C_LANGUAGE_STANDARD = gnu11;
				GCC_NO_COMMON_BLOCKS = YES;
				GCC_WARN_64_TO_32_BIT_CONVERSION = YES;
				GCC_WARN_ABOUT_RETURN_TYPE = YES_ERROR;
				GCC_WARN_UNDECLARED_SELECTOR = YES;
				GCC_WARN_UNINITIALIZED_AUTOS = YES_AGGRESSIVE;
				GCC_WARN_UNUSED_FUNCTION = YES;
				GCC_WARN_UNUSED_VARIABLE = YES;
				IPHONEOS_DEPLOYMENT_TARGET = 15.5;
				MTL_ENABLE_DEBUG_INFO = NO;
				MTL_FAST_MATH = YES;
				SDKROOT = iphoneos;
				SWIFT_COMPILATION_MODE = wholemodule;
				SWIFT_OPTIMIZATION_LEVEL = "-O";
				VALIDATE_PRODUCT = YES;
			};
			name = Release;
		};
		45C778AF28AFE78900FDA501 /* Debug */ = {
			isa = XCBuildConfiguration;
			baseConfigurationReference = 7C98BEDEB21B1AE91ACFBCB0 /* Pods-Lesson 1 Valeriy.debug.xcconfig */;
			buildSettings = {
				ASSETCATALOG_COMPILER_APPICON_NAME = AppIcon;
				ASSETCATALOG_COMPILER_GLOBAL_ACCENT_COLOR_NAME = AccentColor;
				CODE_SIGN_STYLE = Automatic;
				CURRENT_PROJECT_VERSION = 1;
				GENERATE_INFOPLIST_FILE = YES;
				INFOPLIST_FILE = "Lesson 1 Valeriy/Info.plist";
				INFOPLIST_KEY_UIApplicationSupportsIndirectInputEvents = YES;
				INFOPLIST_KEY_UILaunchStoryboardName = LaunchScreen;
				INFOPLIST_KEY_UIMainStoryboardFile = Main;
				INFOPLIST_KEY_UISupportedInterfaceOrientations_iPad = "UIInterfaceOrientationPortrait UIInterfaceOrientationPortraitUpsideDown UIInterfaceOrientationLandscapeLeft UIInterfaceOrientationLandscapeRight";
				INFOPLIST_KEY_UISupportedInterfaceOrientations_iPhone = "UIInterfaceOrientationPortrait UIInterfaceOrientationLandscapeLeft UIInterfaceOrientationLandscapeRight";
				LD_RUNPATH_SEARCH_PATHS = (
					"$(inherited)",
					"@executable_path/Frameworks",
				);
				MARKETING_VERSION = 1.0;
				PRODUCT_BUNDLE_IDENTIFIER = "onium.Lesson-1-Valeriy";
				PRODUCT_NAME = "$(TARGET_NAME)";
				SWIFT_EMIT_LOC_STRINGS = YES;
				SWIFT_VERSION = 5.0;
				TARGETED_DEVICE_FAMILY = "1,2";
			};
			name = Debug;
		};
		45C778B028AFE78900FDA501 /* Release */ = {
			isa = XCBuildConfiguration;
			baseConfigurationReference = 91DF756E6BA6994AF0978D60 /* Pods-Lesson 1 Valeriy.release.xcconfig */;
			buildSettings = {
				ASSETCATALOG_COMPILER_APPICON_NAME = AppIcon;
				ASSETCATALOG_COMPILER_GLOBAL_ACCENT_COLOR_NAME = AccentColor;
				CODE_SIGN_STYLE = Automatic;
				CURRENT_PROJECT_VERSION = 1;
				GENERATE_INFOPLIST_FILE = YES;
				INFOPLIST_FILE = "Lesson 1 Valeriy/Info.plist";
				INFOPLIST_KEY_UIApplicationSupportsIndirectInputEvents = YES;
				INFOPLIST_KEY_UILaunchStoryboardName = LaunchScreen;
				INFOPLIST_KEY_UIMainStoryboardFile = Main;
				INFOPLIST_KEY_UISupportedInterfaceOrientations_iPad = "UIInterfaceOrientationPortrait UIInterfaceOrientationPortraitUpsideDown UIInterfaceOrientationLandscapeLeft UIInterfaceOrientationLandscapeRight";
				INFOPLIST_KEY_UISupportedInterfaceOrientations_iPhone = "UIInterfaceOrientationPortrait UIInterfaceOrientationLandscapeLeft UIInterfaceOrientationLandscapeRight";
				LD_RUNPATH_SEARCH_PATHS = (
					"$(inherited)",
					"@executable_path/Frameworks",
				);
				MARKETING_VERSION = 1.0;
				PRODUCT_BUNDLE_IDENTIFIER = "onium.Lesson-1-Valeriy";
				PRODUCT_NAME = "$(TARGET_NAME)";
				SWIFT_EMIT_LOC_STRINGS = YES;
				SWIFT_VERSION = 5.0;
				TARGETED_DEVICE_FAMILY = "1,2";
			};
			name = Release;
		};
/* End XCBuildConfiguration section */

/* Begin XCConfigurationList section */
		45C7789528AFE78400FDA501 /* Build configuration list for PBXProject "Lesson 1 Valeriy" */ = {
			isa = XCConfigurationList;
			buildConfigurations = (
				45C778AC28AFE78900FDA501 /* Debug */,
				45C778AD28AFE78900FDA501 /* Release */,
			);
			defaultConfigurationIsVisible = 0;
			defaultConfigurationName = Release;
		};
		45C778AE28AFE78900FDA501 /* Build configuration list for PBXNativeTarget "Lesson 1 Valeriy" */ = {
			isa = XCConfigurationList;
			buildConfigurations = (
				45C778AF28AFE78900FDA501 /* Debug */,
				45C778B028AFE78900FDA501 /* Release */,
			);
			defaultConfigurationIsVisible = 0;
			defaultConfigurationName = Release;
		};
/* End XCConfigurationList section */
	};
	rootObject = 45C7789228AFE78400FDA501 /* Project object */;
}
